
Microsoft Visual Studio Solution File, Format Version 12.00
# Visual Studio Version 17
VisualStudioVersion = 17.3.32929.385
MinimumVisualStudioVersion = 10.0.40219.1
Project("{8BC9CEB8-8B4A-11D0-8D11-00A0C91BC942}") = "ALL_BUILD", "ALL_BUILD.vcxproj", "{B48AEDC4-5C04-3D8B-BD90-909E3380BD07}"
	ProjectSection(ProjectDependencies) = postProject
		{492A8B43-EFE9-3E93-ACF0-DE010ACCA238} = {492A8B43-EFE9-3E93-ACF0-DE010ACCA238}
		{52B53D70-72F0-357D-8EDF-916C071BF658} = {52B53D70-72F0-357D-8EDF-916C071BF658}
	EndProjectSection
EndProject
Project("{8BC9CEB8-8B4A-11D0-8D11-00A0C91BC942}") = "ZERO_CHECK", "ZERO_CHECK.vcxproj", "{492A8B43-EFE9-3E93-ACF0-DE010ACCA238}"
EndProject
Project("{8BC9CEB8-8B4A-11D0-8D11-00A0C91BC942}") = "sfml_sample", "sfml_sample.vcxproj", "{52B53D70-72F0-357D-8EDF-916C071BF658}"
	ProjectSection(ProjectDependencies) = postProject
		{492A8B43-EFE9-3E93-ACF0-DE010ACCA238} = {492A8B43-EFE9-3E93-ACF0-DE010ACCA238}
	EndProjectSection
EndProject
Project("{54435603-DBB4-11D2-8724-00A0C9A8B90C}") = "Setup1", "..\Setup1\Setup1.vdproj", "{64CDA9E4-D395-44FD-9791-D3B0AEE3A0E0}"
EndProject
Global
	GlobalSection(SolutionConfigurationPlatforms) = preSolution
		Debug|x64 = Debug|x64
		MinSizeRel|x64 = MinSizeRel|x64
		Release|x64 = Release|x64
		RelWithDebInfo|x64 = RelWithDebInfo|x64
	EndGlobalSection
	GlobalSection(ProjectConfigurationPlatforms) = postSolution
		{B48AEDC4-5C04-3D8B-BD90-909E3380BD07}.Debug|x64.ActiveCfg = Debug|x64
		{B48AEDC4-5C04-3D8B-BD90-909E3380BD07}.MinSizeRel|x64.ActiveCfg = MinSizeRel|x64
		{B48AEDC4-5C04-3D8B-BD90-909E3380BD07}.Release|x64.ActiveCfg = Release|x64
		{B48AEDC4-5C04-3D8B-BD90-909E3380BD07}.RelWithDebInfo|x64.ActiveCfg = RelWithDebInfo|x64
		{492A8B43-EFE9-3E93-ACF0-DE010ACCA238}.Debug|x64.ActiveCfg = Debug|x64
		{492A8B43-EFE9-3E93-ACF0-DE010ACCA238}.Debug|x64.Build.0 = Debug|x64
		{492A8B43-EFE9-3E93-ACF0-DE010ACCA238}.MinSizeRel|x64.ActiveCfg = MinSizeRel|x64
		{492A8B43-EFE9-3E93-ACF0-DE010ACCA238}.MinSizeRel|x64.Build.0 = MinSizeRel|x64
		{492A8B43-EFE9-3E93-ACF0-DE010ACCA238}.Release|x64.ActiveCfg = Release|x64
		{492A8B43-EFE9-3E93-ACF0-DE010ACCA238}.Release|x64.Build.0 = Release|x64
		{492A8B43-EFE9-3E93-ACF0-DE010ACCA238}.RelWithDebInfo|x64.ActiveCfg = RelWithDebInfo|x64
		{492A8B43-EFE9-3E93-ACF0-DE010ACCA238}.RelWithDebInfo|x64.Build.0 = RelWithDebInfo|x64
		{52B53D70-72F0-357D-8EDF-916C071BF658}.Debug|x64.ActiveCfg = Debug|x64
		{52B53D70-72F0-357D-8EDF-916C071BF658}.Debug|x64.Build.0 = Debug|x64
		{52B53D70-72F0-357D-8EDF-916C071BF658}.MinSizeRel|x64.ActiveCfg = MinSizeRel|x64
		{52B53D70-72F0-357D-8EDF-916C071BF658}.MinSizeRel|x64.Build.0 = MinSizeRel|x64
		{52B53D70-72F0-357D-8EDF-916C071BF658}.Release|x64.ActiveCfg = Release|x64
		{52B53D70-72F0-357D-8EDF-916C071BF658}.Release|x64.Build.0 = Release|x64
		{52B53D70-72F0-357D-8EDF-916C071BF658}.RelWithDebInfo|x64.ActiveCfg = RelWithDebInfo|x64
		{52B53D70-72F0-357D-8EDF-916C071BF658}.RelWithDebInfo|x64.Build.0 = RelWithDebInfo|x64
		{64CDA9E4-D395-44FD-9791-D3B0AEE3A0E0}.Debug|x64.ActiveCfg = Debug
		{64CDA9E4-D395-44FD-9791-D3B0AEE3A0E0}.MinSizeRel|x64.ActiveCfg = Debug
		{64CDA9E4-D395-44FD-9791-D3B0AEE3A0E0}.Release|x64.ActiveCfg = Release
		{64CDA9E4-D395-44FD-9791-D3B0AEE3A0E0}.RelWithDebInfo|x64.ActiveCfg = Release
	EndGlobalSection
	GlobalSection(SolutionProperties) = preSolution
		HideSolutionNode = FALSE
	EndGlobalSection
	GlobalSection(ExtensibilityGlobals) = postSolution
		SolutionGuid = {8F2B26A2-13D9-3AAF-8E90-76302ADD04B4}
	EndGlobalSection
EndGlobal
